
Microsoft Visual Studio Solution File, Format Version 12.00
# Visual Studio Version 17
VisualStudioVersion = 17.5.002.0
MinimumVisualStudioVersion = 10.0.40219.1
Project("{9A19103F-16F7-4668-BE54-9A1E7A4F7556}") = "TicTacToe", "TicTacToe.csproj", "{816ACFAB-A6A1-45A6-BC8B-AEE516754EF7}"
EndProject
Global
	GlobalSection(SolutionConfigurationPlatforms) = preSolution
		Debug|Any CPU = Debug|Any CPU
		Release|Any CPU = Release|Any CPU
	EndGlobalSection
	GlobalSection(ProjectConfigurationPlatforms) = postSolution
		{816ACFAB-A6A1-45A6-BC8B-AEE516754EF7}.Debug|Any CPU.ActiveCfg = Debug|Any CPU
		{816ACFAB-A6A1-45A6-BC8B-AEE516754EF7}.Debug|Any CPU.Build.0 = Debug|Any CPU
		{816ACFAB-A6A1-45A6-BC8B-AEE516754EF7}.Release|Any CPU.ActiveCfg = Release|Any CPU
		{816ACFAB-A6A1-45A6-BC8B-AEE516754EF7}.Release|Any CPU.Build.0 = Release|Any CPU
	EndGlobalSection
	GlobalSection(SolutionProperties) = preSolution
		HideSolutionNode = FALSE
	EndGlobalSection
	GlobalSection(ExtensibilityGlobals) = postSolution
		SolutionGuid = {6202B8DC-F881-4FB3-BE2F-B9E7BEC2A3C4}
	EndGlobalSection
EndGlobal
